schema: '2.0'
stages:
  data_ingestion:
    cmd: python src/data_ingestion.py
    deps:
    - path: src/data_ingestion.py
      hash: md5
      md5: 1577776c2f9a079e209cbb946d341cf2
      size: 4679
    params:
      params.yaml:
        data_ingestion.test_size: 0.3
    outs:
    - path: data/raw
      hash: md5
      md5: 506021b2951b5a642d0d50e6e224e825.dir
      size: 484846
      nfiles: 2
  data_processing:
    cmd: python src/data_preprocessing.py
    deps:
    - path: data/raw
      hash: md5
      md5: 506021b2951b5a642d0d50e6e224e825.dir
      size: 484846
      nfiles: 2
    - path: src/data_preprocessing.py
      hash: md5
      md5: a6c85f1616d55f1a70f7a9b0f4e426f1
      size: 4327
    outs:
    - path: data/interim
      hash: md5
      md5: 11d78c294b5e5a7303f340d5b2acb1d2.dir
      size: 263911
      nfiles: 2
  feature_engineering:
    cmd: python src/feature_engineering.py
    deps:
    - path: data/interim
      hash: md5
      md5: 11d78c294b5e5a7303f340d5b2acb1d2.dir
      size: 263911
      nfiles: 2
    - path: src/feature_engineering.py
      hash: md5
      md5: 519d79e9ea80a55561d7418595d85540
      size: 3978
    params:
      params.yaml:
        feature_engineering.max_features: 50
    outs:
    - path: data/processed
      hash: md5
      md5: f94c9df128f9dd4ed4d7079421878373.dir
      size: 1193017
      nfiles: 2
  model_building:
    cmd: python src/model_building.py
    deps:
    - path: data/processed
      hash: md5
      md5: f94c9df128f9dd4ed4d7079421878373.dir
      size: 1193017
      nfiles: 2
    - path: src/model_building.py
      hash: md5
      md5: d0f6f27d437f2bbd1dd938be7e8d378d
      size: 4546
    params:
      params.yaml:
        model_building.n_estimators: 25
        model_building.random_state: 2
    outs:
    - path: models/model.pkl
      hash: md5
      md5: 7ad7bc8081cd8f11201b55c9ffe82c02
      size: 973175
  model_evaluation:
    cmd: python src/model_evaluation.py
    deps:
    - path: models/model.pkl
      hash: md5
      md5: 7ad7bc8081cd8f11201b55c9ffe82c02
      size: 973175
    - path: src/model_evaluation.py
      hash: md5
      md5: deb2d76c07acc4da159c9e9a137e7d73
      size: 4629
    params:
      params.yaml:
        model_evaluation.test_size: 0.3
    outs:
    - path: reports/metrics.json
      hash: md5
      md5: 02f49a7fc3495faf8566469d957cb477
      size: 145
